
Microsoft Visual Studio Solution File, Format Version 12.00
# Visual Studio Version 17
VisualStudioVersion = 17.8.34316.72
MinimumVisualStudioVersion = 10.0.40219.1
Project("{FAE04EC0-301F-11D3-BF4B-00C04F79EFBC}") = "FastGame", "FastGame\FastGame.csproj", "{313D4A4A-C89D-462E-B74E-7CCE9BEA3221}"
EndProject
Global
	GlobalSection(SolutionConfigurationPlatforms) = preSolution
		Debug|Any CPU = Debug|Any CPU
		Release|Any CPU = Release|Any CPU
	EndGlobalSection
	GlobalSection(ProjectConfigurationPlatforms) = postSolution
		{313D4A4A-C89D-462E-B74E-7CCE9BEA3221}.Debug|Any CPU.ActiveCfg = Debug|Any CPU
		{313D4A4A-C89D-462E-B74E-7CCE9BEA3221}.Debug|Any CPU.Build.0 = Debug|Any CPU
		{313D4A4A-C89D-462E-B74E-7CCE9BEA3221}.Release|Any CPU.ActiveCfg = Release|Any CPU
		{313D4A4A-C89D-462E-B74E-7CCE9BEA3221}.Release|Any CPU.Build.0 = Release|Any CPU
	EndGlobalSection
	GlobalSection(SolutionProperties) = preSolution
		HideSolutionNode = FALSE
	EndGlobalSection
	GlobalSection(ExtensibilityGlobals) = postSolution
		SolutionGuid = {5BE93EE3-8580-4C0F-A462-5EED02C12286}
	EndGlobalSection
EndGlobal
